// !$*UTF8*$!
{
	archiveVersion = 1;
	classes = {
	};
	objectVersion = 50;
	objects = {

/* Begin PBXBuildFile section */
		A86300A92521D8EC0067EBD1 /* AppDelegate.swift in Sources */ = {isa = PBXBuildFile; fileRef = A86300A82521D8EC0067EBD1 /* AppDelegate.swift */; };
		A86300AB2521D8EC0067EBD1 /* SceneDelegate.swift in Sources */ = {isa = PBXBuildFile; fileRef = A86300AA2521D8EC0067EBD1 /* SceneDelegate.swift */; };
		A86300AD2521D8EC0067EBD1 /* ViewController.swift in Sources */ = {isa = PBXBuildFile; fileRef = A86300AC2521D8EC0067EBD1 /* ViewController.swift */; };
		A86300B02521D8EC0067EBD1 /* Main.storyboard in Resources */ = {isa = PBXBuildFile; fileRef = A86300AE2521D8EC0067EBD1 /* Main.storyboard */; };
		A86300B22521D8EE0067EBD1 /* Assets.xcassets in Resources */ = {isa = PBXBuildFile; fileRef = A86300B12521D8EE0067EBD1 /* Assets.xcassets */; };
		A86300B52521D8EE0067EBD1 /* LaunchScreen.storyboard in Resources */ = {isa = PBXBuildFile; fileRef = A86300B32521D8EE0067EBD1 /* LaunchScreen.storyboard */; };
/* End PBXBuildFile section */

/* Begin PBXFileReference section */
		A86300A52521D8EC0067EBD1 /* SampleSideSwipeMenu.app */ = {isa = PBXFileReference; explicitFileType = wrapper.application; includeInIndex = 0; path = SampleSideSwipeMenu.app; sourceTree = BUILT_PRODUCTS_DIR; };
		A86300A82521D8EC0067EBD1 /* AppDelegate.swift */ = {isa = PBXFileReference; lastKnownFileType = sourcecode.swift; path = AppDelegate.swift; sourceTree = "<group>"; };
		A86300AA2521D8EC0067EBD1 /* SceneDelegate.swift */ = {isa = PBXFileReference; lastKnownFileType = sourcecode.swift; path = SceneDelegate.swift; sourceTree = "<group>"; };
		A86300AC2521D8EC0067EBD1 /* ViewController.swift */ = {isa = PBXFileReference; lastKnownFileType = sourcecode.swift; path = ViewController.swift; sourceTree = "<group>"; };
		A86300AF2521D8EC0067EBD1 /* Base */ = {isa = PBXFileReference; lastKnownFileType = file.storyboard; name = Base; path = Base.lproj/Main.storyboard; sourceTree = "<group>"; };
		A86300B12521D8EE0067EBD1 /* Assets.xcassets */ = {isa = PBXFileReference; lastKnownFileType = folder.assetcatalog; path = Assets.xcassets; sourceTree = "<group>"; };
		A86300B42521D8EE0067EBD1 /* Base */ = {isa = PBXFileReference; lastKnownFileType = file.storyboard; name = Base; path = Base.lproj/LaunchScreen.storyboard; sourceTree = "<group>"; };
		A86300B62521D8EE0067EBD1 /* Info.plist */ = {isa = PBXFileReference; lastKnownFileType = text.plist.xml; path = Info.plist; sourceTree = "<group>"; };
/* End PBXFileReference section */

/* Begin PBXFrameworksBuildPhase section */
		A86300A22521D8EC0067EBD1 /* Frameworks */ = {
			isa = PBXFrameworksBuildPhase;
			buildActionMask = 2147483647;
			files = (
			);
			runOnlyForDeploymentPostprocessing = 0;
		};
/* End PBXFrameworksBuildPhase section */

/* Begin PBXGroup section */
		A863009C2521D8EC0067EBD1 = {
			isa = PBXGroup;
			children = (
				A86300A72521D8EC0067EBD1 /* SampleSideSwipeMenu */,
				A86300A62521D8EC0067EBD1 /* Products */,
			);
			sourceTree = "<group>";
		};
		A86300A62521D8EC0067EBD1 /* Products */ = {
			isa = PBXGroup;
			children = (
				A86300A52521D8EC0067EBD1 /* SampleSideSwipeMenu.app */,
			);
			name = Products;
			sourceTree = "<group>";
		};
		A86300A72521D8EC0067EBD1 /* SampleSideSwipeMenu */ = {
			isa = PBXGroup;
			children = (
				A86300A82521D8EC0067EBD1 /* AppDelegate.swift */,
				A86300AA2521D8EC0067EBD1 /* SceneDelegate.swift */,
				A86300AC2521D8EC0067EBD1 /* ViewController.swift */,
				A86300AE2521D8EC0067EBD1 /* Main.storyboard */,
				A86300B12521D8EE0067EBD1 /* Assets.xcassets */,
				A86300B32521D8EE0067EBD1 /* LaunchScreen.storyboard */,
				A86300B62521D8EE0067EBD1 /* Info.plist */,
			);
			path = SampleSideSwipeMenu;
			sourceTree = "<group>";
		};
/* End PBXGroup section */

/* Begin PBXNativeTarget section */
		A86300A42521D8EC0067EBD1 /* SampleSideSwipeMenu */ = {
			isa = PBXNativeTarget;
			buildConfigurationList = A86300B92521D8EE0067EBD1 /* Build configuration list for PBXNativeTarget "SampleSideSwipeMenu" */;
			buildPhases = (
				A86300A12521D8EC0067EBD1 /* Sources */,
				A86300A22521D8EC0067EBD1 /* Frameworks */,
				A86300A32521D8EC0067EBD1 /* Resources */,
			);
			buildRules = (
			);
			dependencies = (
			);
			name = SampleSideSwipeMenu;
			productName = SampleSideSwipeMenu;
			productReference = A86300A52521D8EC0067EBD1 /* SampleSideSwipeMenu.app */;
			productType = "com.apple.product-type.application";
		};
/* End PBXNativeTarget section */

/* Begin PBXProject section */
		A863009D2521D8EC0067EBD1 /* Project object */ = {
			isa = PBXProject;
			attributes = {
				LastSwiftUpdateCheck = 1170;
				LastUpgradeCheck = 1170;
				ORGANIZATIONNAME = fjwrer_1004;
				TargetAttributes = {
					A86300A42521D8EC0067EBD1 = {
						CreatedOnToolsVersion = 11.7;
					};
				};
			};
			buildConfigurationList = A86300A02521D8EC0067EBD1 /* Build configuration list for PBXProject "SampleSideSwipeMenu" */;
			compatibilityVersion = "Xcode 9.3";
			developmentRegion = en;
			hasScannedForEncodings = 0;
			knownRegions = (
				en,
				Base,
			);
			mainGroup = A863009C2521D8EC0067EBD1;
			productRefGroup = A86300A62521D8EC0067EBD1 /* Products */;
			projectDirPath = "";
			projectRoot = "";
			targets = (
				A86300A42521D8EC0067EBD1 /* SampleSideSwipeMenu */,
			);
		};
/* End PBXProject section */

/* Begin PBXResourcesBuildPhase section */
		A86300A32521D8EC0067EBD1 /* Resources */ = {
			isa = PBXResourcesBuildPhase;
			buildActionMask = 2147483647;
			files = (
				A86300B52521D8EE0067EBD1 /* LaunchScreen.storyboard in Resources */,
				A86300B22521D8EE0067EBD1 /* Assets.xcassets in Resources */,
				A86300B02521D8EC0067EBD1 /* Main.storyboard in Resources */,
			);
			runOnlyForDeploymentPostprocessing = 0;
		};
/* End PBXResourcesBuildPhase section */

/* Begin PBXSourcesBuildPhase section */
		A86300A12521D8EC0067EBD1 /* Sources */ = {
			isa = PBXSourcesBuildPhase;
			buildActionMask = 2147483647;
			files = (
				A86300AD2521D8EC0067EBD1 /* ViewController.swift in Sources */,
				A86300A92521D8EC0067EBD1 /* AppDelegate.swift in Sources */,
				A86300AB2521D8EC0067EBD1 /* SceneDelegate.swift in Sources */,
			);
			runOnlyForDeploymentPostprocessing = 0;
		};
/* End PBXSourcesBuildPhase section */

/* Begin PBXVariantGroup section */
		A86300AE2521D8EC0067EBD1 /* Main.storyboard */ = {
			isa = PBXVariantGroup;
			children = (
				A86300AF2521D8EC0067EBD1 /* Base */,
			);
			name = Main.storyboard;
			sourceTree = "<group>";
		};
		A86300B32521D8EE0067EBD1 /* LaunchScreen.storyboard */ = {
			isa = PBXVariantGroup;
			children = (
				A86300B42521D8EE0067EBD1 /* Base */,
			);
			name = LaunchScreen.storyboard;
			sourceTree = "<group>";
		};
/* End PBXVariantGroup section */

/* Begin XCBuildConfiguration section */
		A86300B72521D8EE0067EBD1 /* Debug */ = {
			isa = XCBuildConfiguration;
			buildSettings = {
				ALWAYS_SEARCH_USER_PATHS = NO;
				CLANG_ANALYZER_NONNULL = YES;
				CLANG_ANALYZER_NUMBER_OBJECT_CONVERSION = YES_AGGRESSIVE;
				CLANG_CXX_LANGUAGE_STANDARD = "gnu++14";
				CLANG_CXX_LIBRARY = "libc++";
				CLANG_ENABLE_MODULES = YES;
				CLANG_ENABLE_OBJC_ARC = YES;
				CLANG_ENABLE_OBJC_WEAK = YES;
				CLANG_WARN_BLOCK_CAPTURE_AUTORELEASING = YES;
				CLANG_WARN_BOOL_CONVERSION = YES;
				CLANG_WARN_COMMA = YES;
				CLANG_WARN_CONSTANT_CONVERSION = YES;
				CLANG_WARN_DEPRECATED_OBJC_IMPLEMENTATIONS = YES;
				CLANG_WARN_DIRECT_OBJC_ISA_USAGE = YES_ERROR;
				CLANG_WARN_DOCUMENTATION_COMMENTS = YES;
				CLANG_WARN_EMPTY_BODY = YES;
				CLANG_WARN_ENUM_CONVERSION = YES;
				CLANG_WARN_INFINITE_RECURSION = YES;
				CLANG_WARN_INT_CONVERSION = YES;
				CLANG_WARN_NON_LITERAL_NULL_CONVERSION = YES;
				CLANG_WARN_OBJC_IMPLICIT_RETAIN_SELF = YES;
				CLANG_WARN_OBJC_LITERAL_CONVERSION = YES;
				CLANG_WARN_OBJC_ROOT_CLASS = YES_ERROR;
				CLANG_WARN_RANGE_LOOP_ANALYSIS = YES;
				CLANG_WARN_STRICT_PROTOTYPES = YES;
				CLANG_WARN_SUSPICIOUS_MOVE = YES;
				CLANG_WARN_UNGUARDED_AVAILABILITY = YES_AGGRESSIVE;
				CLANG_WARN_UNREACHABLE_CODE = YES;
				CLANG_WARN__DUPLICATE_METHOD_MATCH = YES;
				COPY_PHASE_STRIP = NO;
				DEBUG_INFORMATION_FORMAT = dwarf;
				ENABLE_STRICT_OBJC_MSGSEND = YES;
				ENABLE_TESTABILITY = YES;
				GCC_C_LANGUAGE_STANDARD = gnu11;
				GCC_DYNAMIC_NO_PIC = NO;
				GCC_NO_COMMON_BLOCKS = YES;
				GCC_OPTIMIZATION_LEVEL = 0;
				GCC_PREPROCESSOR_DEFINITIONS = (
					"DEBUG=1",
					"$(inherited)",
				);
				GCC_WARN_64_TO_32_BIT_CONVERSION = YES;
				GCC_WARN_ABOUT_RETURN_TYPE = YES_ERROR;
				GCC_WARN_UNDECLARED_SELECTOR = YES;
				GCC_WARN_UNINITIALIZED_AUTOS = YES_AGGRESSIVE;
				GCC_WARN_UNUSED_FUNCTION = YES;
				GCC_WARN_UNUSED_VARIABLE = YES;
				IPHONEOS_DEPLOYMENT_TARGET = 13.7;
				MTL_ENABLE_DEBUG_INFO = INCLUDE_SOURCE;
				MTL_FAST_MATH = YES;
				ONLY_ACTIVE_ARCH = YES;
				SDKROOT = iphoneos;
				SWIFT_ACTIVE_COMPILATION_CONDITIONS = DEBUG;
				SWIFT_OPTIMIZATION_LEVEL = "-Onone";
			};
			name = Debug;
		};
		A86300B82521D8EE0067EBD1 /* Release */ = {
			isa = XCBuildConfiguration;
			buildSettings = {
				ALWAYS_SEARCH_USER_PATHS = NO;
				CLANG_ANALYZER_NONNULL = YES;
				CLANG_ANALYZER_NUMBER_OBJECT_CONVERSION = YES_AGGRESSIVE;
				CLANG_CXX_LANGUAGE_STANDARD = "gnu++14";
				CLANG_CXX_LIBRARY = "libc++";
				CLANG_ENABLE_MODULES = YES;
				CLANG_ENABLE_OBJC_ARC = YES;
				CLANG_ENABLE_OBJC_WEAK = YES;
				CLANG_WARN_BLOCK_CAPTURE_AUTORELEASING = YES;
				CLANG_WARN_BOOL_CONVERSION = YES;
				CLANG_WARN_COMMA = YES;
				CLANG_WARN_CONSTANT_CONVERSION = YES;
				CLANG_WARN_DEPRECATED_OBJC_IMPLEMENTATIONS = YES;
				CLANG_WARN_DIRECT_OBJC_ISA_USAGE = YES_ERROR;
				CLANG_WARN_DOCUMENTATION_COMMENTS = YES;
				CLANG_WARN_EMPTY_BODY = YES;
				CLANG_WARN_ENUM_CONVERSION = YES;
				CLANG_WARN_INFINITE_RECURSION = YES;
				CLANG_WARN_INT_CONVERSION = YES;
				CLANG_WARN_NON_LITERAL_NULL_CONVERSION = YES;
				CLANG_WARN_OBJC_IMPLICIT_RETAIN_SELF = YES;
				CLANG_WARN_OBJC_LITERAL_CONVERSION = YES;
				CLANG_WARN_OBJC_ROOT_CLASS = YES_ERROR;
				CLANG_WARN_RANGE_LOOP_ANALYSIS = YES;
				CLANG_WARN_STRICT_PROTOTYPES = YES;
				CLANG_WARN_SUSPICIOUS_MOVE = YES;
				CLANG_WARN_UNGUARDED_AVAILABILITY = YES_AGGRESSIVE;
				CLANG_WARN_UNREACHABLE_CODE = YES;
				CLANG_WARN__DUPLICATE_METHOD_MATCH = YES;
				COPY_PHASE_STRIP = NO;
				DEBUG_INFORMATION_FORMAT = "dwarf-with-dsym";
				ENABLE_NS_ASSERTIONS = NO;
				ENABLE_STRICT_OBJC_MSGSEND = YES;
				GCC_C_LANGUAGE_STANDARD = gnu11;
				GCC_NO_COMMON_BLOCKS = YES;
				GCC_WARN_64_TO_32_BIT_CONVERSION = YES;
				GCC_WARN_ABOUT_RETURN_TYPE = YES_ERROR;
				GCC_WARN_UNDECLARED_SELECTOR = YES;
				GCC_WARN_UNINITIALIZED_AUTOS = YES_AGGRESSIVE;
				GCC_WARN_UNUSED_FUNCTION = YES;
				GCC_WARN_UNUSED_VARIABLE = YES;
				IPHONEOS_DEPLOYMENT_TARGET = 13.7;
				MTL_ENABLE_DEBUG_INFO = NO;
				MTL_FAST_MATH = YES;
				SDKROOT = iphoneos;
				SWIFT_COMPILATION_MODE = wholemodule;
				SWIFT_OPTIMIZATION_LEVEL = "-O";
				VALIDATE_PRODUCT = YES;
			};
			name = Release;
		};
		A86300BA2521D8EE0067EBD1 /* Debug */ = {
			isa = XCBuildConfiguration;
			buildSettings = {
				ASSETCATALOG_COMPILER_APPICON_NAME = AppIcon;
				CODE_SIGN_STYLE = Automatic;
				INFOPLIST_FILE = SampleSideSwipeMenu/Info.plist;
				LD_RUNPATH_SEARCH_PATHS = (
					"$(inherited)",
					"@executable_path/Frameworks",
				);
				PRODUCT_BUNDLE_IDENTIFIER = myTest.SampleSideSwipeMenu;
				PRODUCT_NAME = "$(TARGET_NAME)";
				SWIFT_VERSION = 5.0;
				TARGETED_DEVICE_FAMILY = "1,2";
			};
			name = Debug;
		};
		A86300BB2521D8EE0067EBD1 /* Release */ = {
			isa = XCBuildConfiguration;
			buildSettings = {
				ASSETCATALOG_COMPILER_APPICON_NAME = AppIcon;
				CODE_SIGN_STYLE = Automatic;
				INFOPLIST_FILE = SampleSideSwipeMenu/Info.plist;
				LD_RUNPATH_SEARCH_PATHS = (
					"$(inherited)",
					"@executable_path/Frameworks",
				);
				PRODUCT_BUNDLE_IDENTIFIER = myTest.SampleSideSwipeMenu;
				PRODUCT_NAME = "$(TARGET_NAME)";
				SWIFT_VERSION = 5.0;
				TARGETED_DEVICE_FAMILY = "1,2";
			};
			name = Release;
		};
/* End XCBuildConfiguration section */

/* Begin XCConfigurationList section */
		A86300A02521D8EC0067EBD1 /* Build configuration list for PBXProject "SampleSideSwipeMenu" */ = {
			isa = XCConfigurationList;
			buildConfigurations = (
				A86300B72521D8EE0067EBD1 /* Debug */,
				A86300B82521D8EE0067EBD1 /* Release */,
			);
			defaultConfigurationIsVisible = 0;
			defaultConfigurationName = Release;
		};
		A86300B92521D8EE0067EBD1 /* Build configuration list for PBXNativeTarget "SampleSideSwipeMenu" */ = {
			isa = XCConfigurationList;
			buildConfigurations = (
				A86300BA2521D8EE0067EBD1 /* Debug */,
				A86300BB2521D8EE0067EBD1 /* Release */,
			);
			defaultConfigurationIsVisible = 0;
			defaultConfigurationName = Release;
		};
/* End XCConfigurationList section */
	};
	rootObject = A863009D2521D8EC0067EBD1 /* Project object */;
}
